
Microsoft Visual Studio Solution File, Format Version 12.00
# Visual Studio Version 17
VisualStudioVersion = 17.11.35327.3
MinimumVisualStudioVersion = 10.0.40219.1
Project("{FAE04EC0-301F-11D3-BF4B-00C04F79EFBC}") = "CSharpEgitimKampi501", "CSharpEgitimKampi501\CSharpEgitimKampi501.csproj", "{38C941FE-6A95-4C4B-B8D5-496D3A94C50F}"
EndProject
Global
	GlobalSection(SolutionConfigurationPlatforms) = preSolution
		Debug|Any CPU = Debug|Any CPU
		Release|Any CPU = Release|Any CPU
	EndGlobalSection
	GlobalSection(ProjectConfigurationPlatforms) = postSolution
		{38C941FE-6A95-4C4B-B8D5-496D3A94C50F}.Debug|Any CPU.ActiveCfg = Debug|Any CPU
		{38C941FE-6A95-4C4B-B8D5-496D3A94C50F}.Debug|Any CPU.Build.0 = Debug|Any CPU
		{38C941FE-6A95-4C4B-B8D5-496D3A94C50F}.Release|Any CPU.ActiveCfg = Release|Any CPU
		{38C941FE-6A95-4C4B-B8D5-496D3A94C50F}.Release|Any CPU.Build.0 = Release|Any CPU
	EndGlobalSection
	GlobalSection(SolutionProperties) = preSolution
		HideSolutionNode = FALSE
	EndGlobalSection
	GlobalSection(ExtensibilityGlobals) = postSolution
		SolutionGuid = {4FEAD127-850B-45E7-88B3-24394565A6C4}
	EndGlobalSection
EndGlobal
